
Microsoft Visual Studio Solution File, Format Version 12.00
# Visual Studio 14
VisualStudioVersion = 14.0.25420.1
MinimumVisualStudioVersion = 10.0.40219.1
Project("{2150E333-8FDC-42A3-9474-1A3956D46DE8}") = "src", "src", "{A283EE20-D6CF-4EC1-95F6-2868B8143082}"
EndProject
Project("{2150E333-8FDC-42A3-9474-1A3956D46DE8}") = "Solution Items", "Solution Items", "{46946086-BC6C-49BA-9CEB-48BBB1CF8677}"
	ProjectSection(SolutionItems) = preProject
		global.json = global.json
	EndProjectSection
EndProject
Project("{8BB2217D-0F2D-49D1-97BC-3654ED321F3B}") = "ParkingWebApi", "src\ParkingWebApi\ParkingWebApi.xproj", "{C91FDFF9-59FD-4158-A33D-C75B1621680D}"
EndProject
Project("{8BB2217D-0F2D-49D1-97BC-3654ED321F3B}") = "ParkingLibrary", "..\ParkingLib\ParkingLibrary\ParkingLibrary.xproj", "{C7F6C532-A56F-47F1-982E-B4EEB7830C55}"
EndProject
Global
	GlobalSection(SolutionConfigurationPlatforms) = preSolution
		Debug|Any CPU = Debug|Any CPU
		Release|Any CPU = Release|Any CPU
	EndGlobalSection
	GlobalSection(ProjectConfigurationPlatforms) = postSolution
		{C91FDFF9-59FD-4158-A33D-C75B1621680D}.Debug|Any CPU.ActiveCfg = Debug|Any CPU
		{C91FDFF9-59FD-4158-A33D-C75B1621680D}.Debug|Any CPU.Build.0 = Debug|Any CPU
		{C91FDFF9-59FD-4158-A33D-C75B1621680D}.Release|Any CPU.ActiveCfg = Release|Any CPU
		{C91FDFF9-59FD-4158-A33D-C75B1621680D}.Release|Any CPU.Build.0 = Release|Any CPU
		{C7F6C532-A56F-47F1-982E-B4EEB7830C55}.Debug|Any CPU.ActiveCfg = Debug|Any CPU
		{C7F6C532-A56F-47F1-982E-B4EEB7830C55}.Debug|Any CPU.Build.0 = Debug|Any CPU
		{C7F6C532-A56F-47F1-982E-B4EEB7830C55}.Release|Any CPU.ActiveCfg = Release|Any CPU
		{C7F6C532-A56F-47F1-982E-B4EEB7830C55}.Release|Any CPU.Build.0 = Release|Any CPU
	EndGlobalSection
	GlobalSection(SolutionProperties) = preSolution
		HideSolutionNode = FALSE
	EndGlobalSection
	GlobalSection(NestedProjects) = preSolution
		{C91FDFF9-59FD-4158-A33D-C75B1621680D} = {A283EE20-D6CF-4EC1-95F6-2868B8143082}
	EndGlobalSection
EndGlobal
